
Microsoft Visual Studio Solution File, Format Version 12.00
# Visual Studio Version 17
VisualStudioVersion = 17.6.33815.320
MinimumVisualStudioVersion = 10.0.40219.1
Project("{FAE04EC0-301F-11D3-BF4B-00C04F79EFBC}") = "POOExercicio18", "POOExercicio18\POOExercicio18.csproj", "{21ADB12B-3E7C-4168-A6C5-87A5288DEFA4}"
EndProject
Global
	GlobalSection(SolutionConfigurationPlatforms) = preSolution
		Debug|Any CPU = Debug|Any CPU
		Release|Any CPU = Release|Any CPU
	EndGlobalSection
	GlobalSection(ProjectConfigurationPlatforms) = postSolution
		{21ADB12B-3E7C-4168-A6C5-87A5288DEFA4}.Debug|Any CPU.ActiveCfg = Debug|Any CPU
		{21ADB12B-3E7C-4168-A6C5-87A5288DEFA4}.Debug|Any CPU.Build.0 = Debug|Any CPU
		{21ADB12B-3E7C-4168-A6C5-87A5288DEFA4}.Release|Any CPU.ActiveCfg = Release|Any CPU
		{21ADB12B-3E7C-4168-A6C5-87A5288DEFA4}.Release|Any CPU.Build.0 = Release|Any CPU
	EndGlobalSection
	GlobalSection(SolutionProperties) = preSolution
		HideSolutionNode = FALSE
	EndGlobalSection
	GlobalSection(ExtensibilityGlobals) = postSolution
		SolutionGuid = {36FDAA5F-18CB-4C72-83F2-771A56E5749D}
	EndGlobalSection
EndGlobal
