
Microsoft Visual Studio Solution File, Format Version 12.00
# Visual Studio Version 17
VisualStudioVersion = 17.6.33815.320
MinimumVisualStudioVersion = 10.0.40219.1
Project("{FAE04EC0-301F-11D3-BF4B-00C04F79EFBC}") = "MatrizesExercicio1", "MatrizesExercicio1\MatrizesExercicio1.csproj", "{2D4514C2-2D70-4090-B28B-5B988D00CC87}"
EndProject
Global
	GlobalSection(SolutionConfigurationPlatforms) = preSolution
		Debug|Any CPU = Debug|Any CPU
		Release|Any CPU = Release|Any CPU
	EndGlobalSection
	GlobalSection(ProjectConfigurationPlatforms) = postSolution
		{2D4514C2-2D70-4090-B28B-5B988D00CC87}.Debug|Any CPU.ActiveCfg = Debug|Any CPU
		{2D4514C2-2D70-4090-B28B-5B988D00CC87}.Debug|Any CPU.Build.0 = Debug|Any CPU
		{2D4514C2-2D70-4090-B28B-5B988D00CC87}.Release|Any CPU.ActiveCfg = Release|Any CPU
		{2D4514C2-2D70-4090-B28B-5B988D00CC87}.Release|Any CPU.Build.0 = Release|Any CPU
	EndGlobalSection
	GlobalSection(SolutionProperties) = preSolution
		HideSolutionNode = FALSE
	EndGlobalSection
	GlobalSection(ExtensibilityGlobals) = postSolution
		SolutionGuid = {EFF86274-43C7-4FBB-944C-42809033E814}
	EndGlobalSection
EndGlobal
