
Microsoft Visual Studio Solution File, Format Version 12.00
# Visual Studio Version 17
VisualStudioVersion = 17.6.33815.320
MinimumVisualStudioVersion = 10.0.40219.1
Project("{FAE04EC0-301F-11D3-BF4B-00C04F79EFBC}") = "POO2", "POO2\POO2.csproj", "{A32F2F2E-888A-4C8F-8516-098C6A520685}"
EndProject
Global
	GlobalSection(SolutionConfigurationPlatforms) = preSolution
		Debug|Any CPU = Debug|Any CPU
		Release|Any CPU = Release|Any CPU
	EndGlobalSection
	GlobalSection(ProjectConfigurationPlatforms) = postSolution
		{A32F2F2E-888A-4C8F-8516-098C6A520685}.Debug|Any CPU.ActiveCfg = Debug|Any CPU
		{A32F2F2E-888A-4C8F-8516-098C6A520685}.Debug|Any CPU.Build.0 = Debug|Any CPU
		{A32F2F2E-888A-4C8F-8516-098C6A520685}.Release|Any CPU.ActiveCfg = Release|Any CPU
		{A32F2F2E-888A-4C8F-8516-098C6A520685}.Release|Any CPU.Build.0 = Release|Any CPU
	EndGlobalSection
	GlobalSection(SolutionProperties) = preSolution
		HideSolutionNode = FALSE
	EndGlobalSection
	GlobalSection(ExtensibilityGlobals) = postSolution
		SolutionGuid = {B73E85F0-0DDA-47A9-8363-2F83A6D1CA64}
	EndGlobalSection
EndGlobal
