
Microsoft Visual Studio Solution File, Format Version 12.00
# Visual Studio Version 17
VisualStudioVersion = 17.6.33815.320
MinimumVisualStudioVersion = 10.0.40219.1
Project("{FAE04EC0-301F-11D3-BF4B-00C04F79EFBC}") = "MatrizesExercicio3", "MatrizesExercicio3\MatrizesExercicio3.csproj", "{A72F1BC7-1DCC-47AC-997F-DC3F4F7694EE}"
EndProject
Global
	GlobalSection(SolutionConfigurationPlatforms) = preSolution
		Debug|Any CPU = Debug|Any CPU
		Release|Any CPU = Release|Any CPU
	EndGlobalSection
	GlobalSection(ProjectConfigurationPlatforms) = postSolution
		{A72F1BC7-1DCC-47AC-997F-DC3F4F7694EE}.Debug|Any CPU.ActiveCfg = Debug|Any CPU
		{A72F1BC7-1DCC-47AC-997F-DC3F4F7694EE}.Debug|Any CPU.Build.0 = Debug|Any CPU
		{A72F1BC7-1DCC-47AC-997F-DC3F4F7694EE}.Release|Any CPU.ActiveCfg = Release|Any CPU
		{A72F1BC7-1DCC-47AC-997F-DC3F4F7694EE}.Release|Any CPU.Build.0 = Release|Any CPU
	EndGlobalSection
	GlobalSection(SolutionProperties) = preSolution
		HideSolutionNode = FALSE
	EndGlobalSection
	GlobalSection(ExtensibilityGlobals) = postSolution
		SolutionGuid = {4B28CD56-0E83-4C30-A14D-F22BE66E20CF}
	EndGlobalSection
EndGlobal
