
Microsoft Visual Studio Solution File, Format Version 12.00
# Visual Studio Version 17
VisualStudioVersion = 17.6.33815.320
MinimumVisualStudioVersion = 10.0.40219.1
Project("{FAE04EC0-301F-11D3-BF4B-00C04F79EFBC}") = "URI_1145", "URI_1145\URI_1145.csproj", "{29206A24-1140-4F20-BE94-ABDB1F56A9D3}"
EndProject
Global
	GlobalSection(SolutionConfigurationPlatforms) = preSolution
		Debug|Any CPU = Debug|Any CPU
		Release|Any CPU = Release|Any CPU
	EndGlobalSection
	GlobalSection(ProjectConfigurationPlatforms) = postSolution
		{29206A24-1140-4F20-BE94-ABDB1F56A9D3}.Debug|Any CPU.ActiveCfg = Debug|Any CPU
		{29206A24-1140-4F20-BE94-ABDB1F56A9D3}.Debug|Any CPU.Build.0 = Debug|Any CPU
		{29206A24-1140-4F20-BE94-ABDB1F56A9D3}.Release|Any CPU.ActiveCfg = Release|Any CPU
		{29206A24-1140-4F20-BE94-ABDB1F56A9D3}.Release|Any CPU.Build.0 = Release|Any CPU
	EndGlobalSection
	GlobalSection(SolutionProperties) = preSolution
		HideSolutionNode = FALSE
	EndGlobalSection
	GlobalSection(ExtensibilityGlobals) = postSolution
		SolutionGuid = {12531B1B-9756-4642-AF89-BFAC08EE91A6}
	EndGlobalSection
EndGlobal
